
Microsoft Visual Studio Solution File, Format Version 12.00
# Visual Studio Version 17
VisualStudioVersion = 17.13.35828.75
MinimumVisualStudioVersion = 10.0.40219.1
Project("{2150E333-8FDC-42A3-9474-1A3956D46DE8}") = "Services", "Services", "{02EA681E-C7D8-13C7-8484-4AC65E1B71E8}"
EndProject
Project("{2150E333-8FDC-42A3-9474-1A3956D46DE8}") = "Catalog", "Catalog", "{92FC2F77-FC9D-4030-BEA3-36D16B263E7D}"
EndProject
Project("{FAE04EC0-301F-11D3-BF4B-00C04F79EFBC}") = "Catalog.API", "Services\Catalog\Catalog.API\Catalog.API.csproj", "{737210EF-B190-44FC-B323-524BF07F4602}"
EndProject
Project("{2150E333-8FDC-42A3-9474-1A3956D46DE8}") = "BuildingBlocks", "BuildingBlocks", "{61401EDE-4360-4C6C-8993-AD533A1919A8}"
EndProject
Project("{FAE04EC0-301F-11D3-BF4B-00C04F79EFBC}") = "BuildingBlocks", "BuildingBlocks\BuildingBlocks\BuildingBlocks.csproj", "{B0FD1BF9-ECFF-4279-9087-DEE1491E8349}"
EndProject
Project("{E53339B2-1760-4266-BCC7-CA923CBCF16C}") = "docker-compose", "docker-compose.dcproj", "{81DDED9D-158B-E303-5F62-77A2896D2A5A}"
EndProject
Project("{2150E333-8FDC-42A3-9474-1A3956D46DE8}") = "Basket", "Basket", "{6BB24D63-0515-494A-B267-11781C7FE812}"
EndProject
Project("{FAE04EC0-301F-11D3-BF4B-00C04F79EFBC}") = "Basket.api", "Services\Basket\Basket.api\Basket.api.csproj", "{81BBB6AB-9152-405C-BB76-51C97C344956}"
EndProject
Project("{2150E333-8FDC-42A3-9474-1A3956D46DE8}") = "Discount", "Discount", "{69E24ED4-F52F-426E-B30C-C7261EF64EA5}"
EndProject
Project("{FAE04EC0-301F-11D3-BF4B-00C04F79EFBC}") = "Discount.grpc", "Services\DIscount\Discount.grpc\Discount.grpc.csproj", "{0750A426-ABF6-4014-8C3F-080C5C3D97EF}"
EndProject
Global
	GlobalSection(SolutionConfigurationPlatforms) = preSolution
		Debug|Any CPU = Debug|Any CPU
		Release|Any CPU = Release|Any CPU
	EndGlobalSection
	GlobalSection(ProjectConfigurationPlatforms) = postSolution
		{737210EF-B190-44FC-B323-524BF07F4602}.Debug|Any CPU.ActiveCfg = Debug|Any CPU
		{737210EF-B190-44FC-B323-524BF07F4602}.Debug|Any CPU.Build.0 = Debug|Any CPU
		{737210EF-B190-44FC-B323-524BF07F4602}.Release|Any CPU.ActiveCfg = Release|Any CPU
		{737210EF-B190-44FC-B323-524BF07F4602}.Release|Any CPU.Build.0 = Release|Any CPU
		{B0FD1BF9-ECFF-4279-9087-DEE1491E8349}.Debug|Any CPU.ActiveCfg = Debug|Any CPU
		{B0FD1BF9-ECFF-4279-9087-DEE1491E8349}.Debug|Any CPU.Build.0 = Debug|Any CPU
		{B0FD1BF9-ECFF-4279-9087-DEE1491E8349}.Release|Any CPU.ActiveCfg = Release|Any CPU
		{B0FD1BF9-ECFF-4279-9087-DEE1491E8349}.Release|Any CPU.Build.0 = Release|Any CPU
		{81DDED9D-158B-E303-5F62-77A2896D2A5A}.Debug|Any CPU.ActiveCfg = Debug|Any CPU
		{81DDED9D-158B-E303-5F62-77A2896D2A5A}.Debug|Any CPU.Build.0 = Debug|Any CPU
		{81DDED9D-158B-E303-5F62-77A2896D2A5A}.Release|Any CPU.ActiveCfg = Release|Any CPU
		{81DDED9D-158B-E303-5F62-77A2896D2A5A}.Release|Any CPU.Build.0 = Release|Any CPU
		{81BBB6AB-9152-405C-BB76-51C97C344956}.Debug|Any CPU.ActiveCfg = Debug|Any CPU
		{81BBB6AB-9152-405C-BB76-51C97C344956}.Debug|Any CPU.Build.0 = Debug|Any CPU
		{81BBB6AB-9152-405C-BB76-51C97C344956}.Release|Any CPU.ActiveCfg = Release|Any CPU
		{81BBB6AB-9152-405C-BB76-51C97C344956}.Release|Any CPU.Build.0 = Release|Any CPU
		{0750A426-ABF6-4014-8C3F-080C5C3D97EF}.Debug|Any CPU.ActiveCfg = Debug|Any CPU
		{0750A426-ABF6-4014-8C3F-080C5C3D97EF}.Debug|Any CPU.Build.0 = Debug|Any CPU
		{0750A426-ABF6-4014-8C3F-080C5C3D97EF}.Release|Any CPU.ActiveCfg = Release|Any CPU
		{0750A426-ABF6-4014-8C3F-080C5C3D97EF}.Release|Any CPU.Build.0 = Release|Any CPU
	EndGlobalSection
	GlobalSection(SolutionProperties) = preSolution
		HideSolutionNode = FALSE
	EndGlobalSection
	GlobalSection(NestedProjects) = preSolution
		{92FC2F77-FC9D-4030-BEA3-36D16B263E7D} = {02EA681E-C7D8-13C7-8484-4AC65E1B71E8}
		{737210EF-B190-44FC-B323-524BF07F4602} = {92FC2F77-FC9D-4030-BEA3-36D16B263E7D}
		{B0FD1BF9-ECFF-4279-9087-DEE1491E8349} = {61401EDE-4360-4C6C-8993-AD533A1919A8}
		{6BB24D63-0515-494A-B267-11781C7FE812} = {02EA681E-C7D8-13C7-8484-4AC65E1B71E8}
		{81BBB6AB-9152-405C-BB76-51C97C344956} = {6BB24D63-0515-494A-B267-11781C7FE812}
		{69E24ED4-F52F-426E-B30C-C7261EF64EA5} = {02EA681E-C7D8-13C7-8484-4AC65E1B71E8}
		{0750A426-ABF6-4014-8C3F-080C5C3D97EF} = {69E24ED4-F52F-426E-B30C-C7261EF64EA5}
	EndGlobalSection
	GlobalSection(ExtensibilityGlobals) = postSolution
		SolutionGuid = {071F050F-27D8-4A87-862E-12E6EE5021FA}
	EndGlobalSection
EndGlobal
