
Microsoft Visual Studio Solution File, Format Version 12.00
# Visual Studio Version 17
VisualStudioVersion = 17.13.35828.75
MinimumVisualStudioVersion = 10.0.40219.1
Project("{2150E333-8FDC-42A3-9474-1A3956D46DE8}") = "Services", "Services", "{02EA681E-C7D8-13C7-8484-4AC65E1B71E8}"
EndProject
Project("{2150E333-8FDC-42A3-9474-1A3956D46DE8}") = "Catalog", "Catalog", "{92FC2F77-FC9D-4030-BEA3-36D16B263E7D}"
EndProject
Project("{FAE04EC0-301F-11D3-BF4B-00C04F79EFBC}") = "Catalog.API", "Services\Catalog\Catalog.API\Catalog.API.csproj", "{737210EF-B190-44FC-B323-524BF07F4602}"
EndProject
Project("{2150E333-8FDC-42A3-9474-1A3956D46DE8}") = "BuildingBlocks", "BuildingBlocks", "{61401EDE-4360-4C6C-8993-AD533A1919A8}"
EndProject
Project("{FAE04EC0-301F-11D3-BF4B-00C04F79EFBC}") = "BuildingBlocks", "BuildingBlocks\BuildingBlocks\BuildingBlocks.csproj", "{B0FD1BF9-ECFF-4279-9087-DEE1491E8349}"
EndProject
Project("{E53339B2-1760-4266-BCC7-CA923CBCF16C}") = "docker-compose", "docker-compose.dcproj", "{81DDED9D-158B-E303-5F62-77A2896D2A5A}"
EndProject
Project("{2150E333-8FDC-42A3-9474-1A3956D46DE8}") = "Basket", "Basket", "{6BB24D63-0515-494A-B267-11781C7FE812}"
EndProject
Project("{FAE04EC0-301F-11D3-BF4B-00C04F79EFBC}") = "Basket.api", "Services\Basket\Basket.api\Basket.api.csproj", "{81BBB6AB-9152-405C-BB76-51C97C344956}"
EndProject
Project("{2150E333-8FDC-42A3-9474-1A3956D46DE8}") = "Discount", "Discount", "{69E24ED4-F52F-426E-B30C-C7261EF64EA5}"
EndProject
Project("{FAE04EC0-301F-11D3-BF4B-00C04F79EFBC}") = "Discount.grpc", "Services\DIscount\Discount.grpc\Discount.grpc.csproj", "{0750A426-ABF6-4014-8C3F-080C5C3D97EF}"
EndProject
Project("{2150E333-8FDC-42A3-9474-1A3956D46DE8}") = "Ordering", "Ordering", "{CBD0A880-6CE2-40FD-8E5D-540C285F99B4}"
EndProject
Project("{FAE04EC0-301F-11D3-BF4B-00C04F79EFBC}") = "Ordering.api", "Services\Ordering\Ordering.api\Ordering.api.csproj", "{40A6EE92-8B22-4EA3-859C-A82F986319C5}"
EndProject
Project("{FAE04EC0-301F-11D3-BF4B-00C04F79EFBC}") = "Ordering.Domain", "Services\Ordering\Ordering.Domain\Ordering.Domain.csproj", "{B67830F0-9CF2-4701-BE7B-3F27E6FD02ED}"
EndProject
Project("{FAE04EC0-301F-11D3-BF4B-00C04F79EFBC}") = "Ordering.Application", "Services\Ordering\Ordering.Application\Ordering.Application.csproj", "{60D446A9-9EDE-4F2B-A284-A1DC07DF10CA}"
EndProject
Project("{FAE04EC0-301F-11D3-BF4B-00C04F79EFBC}") = "Ordering.Infrastructure", "Services\Ordering\Ordering.Infrastructure\Ordering.Infrastructure.csproj", "{62D7367F-0793-4A11-830A-4978F02494C0}"
EndProject
Global
	GlobalSection(SolutionConfigurationPlatforms) = preSolution
		Debug|Any CPU = Debug|Any CPU
		Release|Any CPU = Release|Any CPU
	EndGlobalSection
	GlobalSection(ProjectConfigurationPlatforms) = postSolution
		{737210EF-B190-44FC-B323-524BF07F4602}.Debug|Any CPU.ActiveCfg = Debug|Any CPU
		{737210EF-B190-44FC-B323-524BF07F4602}.Debug|Any CPU.Build.0 = Debug|Any CPU
		{737210EF-B190-44FC-B323-524BF07F4602}.Release|Any CPU.ActiveCfg = Release|Any CPU
		{737210EF-B190-44FC-B323-524BF07F4602}.Release|Any CPU.Build.0 = Release|Any CPU
		{B0FD1BF9-ECFF-4279-9087-DEE1491E8349}.Debug|Any CPU.ActiveCfg = Debug|Any CPU
		{B0FD1BF9-ECFF-4279-9087-DEE1491E8349}.Debug|Any CPU.Build.0 = Debug|Any CPU
		{B0FD1BF9-ECFF-4279-9087-DEE1491E8349}.Release|Any CPU.ActiveCfg = Release|Any CPU
		{B0FD1BF9-ECFF-4279-9087-DEE1491E8349}.Release|Any CPU.Build.0 = Release|Any CPU
		{81DDED9D-158B-E303-5F62-77A2896D2A5A}.Debug|Any CPU.ActiveCfg = Debug|Any CPU
		{81DDED9D-158B-E303-5F62-77A2896D2A5A}.Debug|Any CPU.Build.0 = Debug|Any CPU
		{81DDED9D-158B-E303-5F62-77A2896D2A5A}.Release|Any CPU.ActiveCfg = Release|Any CPU
		{81DDED9D-158B-E303-5F62-77A2896D2A5A}.Release|Any CPU.Build.0 = Release|Any CPU
		{81BBB6AB-9152-405C-BB76-51C97C344956}.Debug|Any CPU.ActiveCfg = Debug|Any CPU
		{81BBB6AB-9152-405C-BB76-51C97C344956}.Debug|Any CPU.Build.0 = Debug|Any CPU
		{81BBB6AB-9152-405C-BB76-51C97C344956}.Release|Any CPU.ActiveCfg = Release|Any CPU
		{81BBB6AB-9152-405C-BB76-51C97C344956}.Release|Any CPU.Build.0 = Release|Any CPU
		{0750A426-ABF6-4014-8C3F-080C5C3D97EF}.Debug|Any CPU.ActiveCfg = Debug|Any CPU
		{0750A426-ABF6-4014-8C3F-080C5C3D97EF}.Debug|Any CPU.Build.0 = Debug|Any CPU
		{0750A426-ABF6-4014-8C3F-080C5C3D97EF}.Release|Any CPU.ActiveCfg = Release|Any CPU
		{0750A426-ABF6-4014-8C3F-080C5C3D97EF}.Release|Any CPU.Build.0 = Release|Any CPU
		{40A6EE92-8B22-4EA3-859C-A82F986319C5}.Debug|Any CPU.ActiveCfg = Debug|Any CPU
		{40A6EE92-8B22-4EA3-859C-A82F986319C5}.Debug|Any CPU.Build.0 = Debug|Any CPU
		{40A6EE92-8B22-4EA3-859C-A82F986319C5}.Release|Any CPU.ActiveCfg = Release|Any CPU
		{40A6EE92-8B22-4EA3-859C-A82F986319C5}.Release|Any CPU.Build.0 = Release|Any CPU
		{B67830F0-9CF2-4701-BE7B-3F27E6FD02ED}.Debug|Any CPU.ActiveCfg = Debug|Any CPU
		{B67830F0-9CF2-4701-BE7B-3F27E6FD02ED}.Debug|Any CPU.Build.0 = Debug|Any CPU
		{B67830F0-9CF2-4701-BE7B-3F27E6FD02ED}.Release|Any CPU.ActiveCfg = Release|Any CPU
		{B67830F0-9CF2-4701-BE7B-3F27E6FD02ED}.Release|Any CPU.Build.0 = Release|Any CPU
		{60D446A9-9EDE-4F2B-A284-A1DC07DF10CA}.Debug|Any CPU.ActiveCfg = Debug|Any CPU
		{60D446A9-9EDE-4F2B-A284-A1DC07DF10CA}.Debug|Any CPU.Build.0 = Debug|Any CPU
		{60D446A9-9EDE-4F2B-A284-A1DC07DF10CA}.Release|Any CPU.ActiveCfg = Release|Any CPU
		{60D446A9-9EDE-4F2B-A284-A1DC07DF10CA}.Release|Any CPU.Build.0 = Release|Any CPU
		{62D7367F-0793-4A11-830A-4978F02494C0}.Debug|Any CPU.ActiveCfg = Debug|Any CPU
		{62D7367F-0793-4A11-830A-4978F02494C0}.Debug|Any CPU.Build.0 = Debug|Any CPU
		{62D7367F-0793-4A11-830A-4978F02494C0}.Release|Any CPU.ActiveCfg = Release|Any CPU
		{62D7367F-0793-4A11-830A-4978F02494C0}.Release|Any CPU.Build.0 = Release|Any CPU
	EndGlobalSection
	GlobalSection(SolutionProperties) = preSolution
		HideSolutionNode = FALSE
	EndGlobalSection
	GlobalSection(NestedProjects) = preSolution
		{92FC2F77-FC9D-4030-BEA3-36D16B263E7D} = {02EA681E-C7D8-13C7-8484-4AC65E1B71E8}
		{737210EF-B190-44FC-B323-524BF07F4602} = {92FC2F77-FC9D-4030-BEA3-36D16B263E7D}
		{B0FD1BF9-ECFF-4279-9087-DEE1491E8349} = {61401EDE-4360-4C6C-8993-AD533A1919A8}
		{6BB24D63-0515-494A-B267-11781C7FE812} = {02EA681E-C7D8-13C7-8484-4AC65E1B71E8}
		{81BBB6AB-9152-405C-BB76-51C97C344956} = {6BB24D63-0515-494A-B267-11781C7FE812}
		{69E24ED4-F52F-426E-B30C-C7261EF64EA5} = {02EA681E-C7D8-13C7-8484-4AC65E1B71E8}
		{0750A426-ABF6-4014-8C3F-080C5C3D97EF} = {69E24ED4-F52F-426E-B30C-C7261EF64EA5}
		{CBD0A880-6CE2-40FD-8E5D-540C285F99B4} = {02EA681E-C7D8-13C7-8484-4AC65E1B71E8}
		{40A6EE92-8B22-4EA3-859C-A82F986319C5} = {CBD0A880-6CE2-40FD-8E5D-540C285F99B4}
		{B67830F0-9CF2-4701-BE7B-3F27E6FD02ED} = {CBD0A880-6CE2-40FD-8E5D-540C285F99B4}
		{60D446A9-9EDE-4F2B-A284-A1DC07DF10CA} = {CBD0A880-6CE2-40FD-8E5D-540C285F99B4}
		{62D7367F-0793-4A11-830A-4978F02494C0} = {CBD0A880-6CE2-40FD-8E5D-540C285F99B4}
	EndGlobalSection
	GlobalSection(ExtensibilityGlobals) = postSolution
		SolutionGuid = {071F050F-27D8-4A87-862E-12E6EE5021FA}
	EndGlobalSection
EndGlobal
